
Microsoft Visual Studio Solution File, Format Version 12.00
# Visual Studio Version 16
VisualStudioVersion = 16.0.30709.132
MinimumVisualStudioVersion = 10.0.40219.1
Project("{8BC9CEB8-8B4A-11D0-8D11-00A0C91BC942}") = "Pratice5_1", "Pratice5_1.vcxproj", "{09754AAA-4BF9-4D94-8F54-64430DAAD321}"
EndProject
Global
	GlobalSection(SolutionConfigurationPlatforms) = preSolution
		Debug|x64 = Debug|x64
		Debug|x86 = Debug|x86
		Release|x64 = Release|x64
		Release|x86 = Release|x86
	EndGlobalSection
	GlobalSection(ProjectConfigurationPlatforms) = postSolution
		{09754AAA-4BF9-4D94-8F54-64430DAAD321}.Debug|x64.ActiveCfg = Debug|x64
		{09754AAA-4BF9-4D94-8F54-64430DAAD321}.Debug|x64.Build.0 = Debug|x64
		{09754AAA-4BF9-4D94-8F54-64430DAAD321}.Debug|x86.ActiveCfg = Debug|Win32
		{09754AAA-4BF9-4D94-8F54-64430DAAD321}.Debug|x86.Build.0 = Debug|Win32
		{09754AAA-4BF9-4D94-8F54-64430DAAD321}.Release|x64.ActiveCfg = Release|x64
		{09754AAA-4BF9-4D94-8F54-64430DAAD321}.Release|x64.Build.0 = Release|x64
		{09754AAA-4BF9-4D94-8F54-64430DAAD321}.Release|x86.ActiveCfg = Release|Win32
		{09754AAA-4BF9-4D94-8F54-64430DAAD321}.Release|x86.Build.0 = Release|Win32
	EndGlobalSection
	GlobalSection(SolutionProperties) = preSolution
		HideSolutionNode = FALSE
	EndGlobalSection
	GlobalSection(ExtensibilityGlobals) = postSolution
		SolutionGuid = {A3171177-A6BD-4470-A139-2C07C16BF3B5}
	EndGlobalSection
EndGlobal
